
Microsoft Visual Studio Solution File, Format Version 12.00
# Visual Studio Version 16
VisualStudioVersion = 16.0.31613.86
MinimumVisualStudioVersion = 10.0.40219.1
Project("{FAE04EC0-301F-11D3-BF4B-00C04F79EFBC}") = "POSBusinessLogic", "BusinessLogic\POSBusinessLogic.csproj", "{ACBABF4E-EF31-443D-95D8-094A25D227C4}"
EndProject
Project("{FAE04EC0-301F-11D3-BF4B-00C04F79EFBC}") = "POSDataAccess", "DataAccess\POSDataAccess.csproj", "{8FFFCC19-1DB0-470C-9E64-49D458B6277F}"
EndProject
Project("{FAE04EC0-301F-11D3-BF4B-00C04F79EFBC}") = "POSModel", "Model\POSModel.csproj", "{31CAD60B-5AD7-4570-8919-FFCA2F0E127F}"
EndProject
Project("{FAE04EC0-301F-11D3-BF4B-00C04F79EFBC}") = "Presentation", "Presentation\Presentation.csproj", "{DCD4D1A6-DEF1-4DC3-B976-22E49E9A92F2}"
EndProject
Project("{54435603-DBB4-11D2-8724-00A0C9A8B90C}") = "POS", "POS\POS.vdproj", "{31602A90-0452-40CA-90F9-C889A57FD221}"
EndProject
Global
	GlobalSection(SolutionConfigurationPlatforms) = preSolution
		Debug|Any CPU = Debug|Any CPU
		Release|Any CPU = Release|Any CPU
	EndGlobalSection
	GlobalSection(ProjectConfigurationPlatforms) = postSolution
		{ACBABF4E-EF31-443D-95D8-094A25D227C4}.Debug|Any CPU.ActiveCfg = Debug|Any CPU
		{ACBABF4E-EF31-443D-95D8-094A25D227C4}.Debug|Any CPU.Build.0 = Debug|Any CPU
		{ACBABF4E-EF31-443D-95D8-094A25D227C4}.Release|Any CPU.ActiveCfg = Release|Any CPU
		{ACBABF4E-EF31-443D-95D8-094A25D227C4}.Release|Any CPU.Build.0 = Release|Any CPU
		{8FFFCC19-1DB0-470C-9E64-49D458B6277F}.Debug|Any CPU.ActiveCfg = Debug|Any CPU
		{8FFFCC19-1DB0-470C-9E64-49D458B6277F}.Debug|Any CPU.Build.0 = Debug|Any CPU
		{8FFFCC19-1DB0-470C-9E64-49D458B6277F}.Release|Any CPU.ActiveCfg = Release|Any CPU
		{8FFFCC19-1DB0-470C-9E64-49D458B6277F}.Release|Any CPU.Build.0 = Release|Any CPU
		{31CAD60B-5AD7-4570-8919-FFCA2F0E127F}.Debug|Any CPU.ActiveCfg = Debug|Any CPU
		{31CAD60B-5AD7-4570-8919-FFCA2F0E127F}.Debug|Any CPU.Build.0 = Debug|Any CPU
		{31CAD60B-5AD7-4570-8919-FFCA2F0E127F}.Release|Any CPU.ActiveCfg = Release|Any CPU
		{31CAD60B-5AD7-4570-8919-FFCA2F0E127F}.Release|Any CPU.Build.0 = Release|Any CPU
		{DCD4D1A6-DEF1-4DC3-B976-22E49E9A92F2}.Debug|Any CPU.ActiveCfg = Debug|Any CPU
		{DCD4D1A6-DEF1-4DC3-B976-22E49E9A92F2}.Debug|Any CPU.Build.0 = Debug|Any CPU
		{DCD4D1A6-DEF1-4DC3-B976-22E49E9A92F2}.Release|Any CPU.ActiveCfg = Release|Any CPU
		{DCD4D1A6-DEF1-4DC3-B976-22E49E9A92F2}.Release|Any CPU.Build.0 = Release|Any CPU
		{31602A90-0452-40CA-90F9-C889A57FD221}.Debug|Any CPU.ActiveCfg = Debug
		{31602A90-0452-40CA-90F9-C889A57FD221}.Release|Any CPU.ActiveCfg = Release
	EndGlobalSection
	GlobalSection(SolutionProperties) = preSolution
		HideSolutionNode = FALSE
	EndGlobalSection
	GlobalSection(ExtensibilityGlobals) = postSolution
		SolutionGuid = {F40D7EF4-D01D-433F-8BC7-29E37BB37250}
	EndGlobalSection
EndGlobal
